
Microsoft Visual Studio Solution File, Format Version 12.00
# Visual Studio Version 16
VisualStudioVersion = 16.0.31729.503
MinimumVisualStudioVersion = 10.0.40219.1
Project("{FAE04EC0-301F-11D3-BF4B-00C04F79EFBC}") = "519", "519\519.csproj", "{7F831D7F-3C8F-438C-82B7-C67CCC4BAD51}"
EndProject
Global
	GlobalSection(SolutionConfigurationPlatforms) = preSolution
		Debug|Any CPU = Debug|Any CPU
		Release|Any CPU = Release|Any CPU
	EndGlobalSection
	GlobalSection(ProjectConfigurationPlatforms) = postSolution
		{7F831D7F-3C8F-438C-82B7-C67CCC4BAD51}.Debug|Any CPU.ActiveCfg = Debug|Any CPU
		{7F831D7F-3C8F-438C-82B7-C67CCC4BAD51}.Debug|Any CPU.Build.0 = Debug|Any CPU
		{7F831D7F-3C8F-438C-82B7-C67CCC4BAD51}.Release|Any CPU.ActiveCfg = Release|Any CPU
		{7F831D7F-3C8F-438C-82B7-C67CCC4BAD51}.Release|Any CPU.Build.0 = Release|Any CPU
	EndGlobalSection
	GlobalSection(SolutionProperties) = preSolution
		HideSolutionNode = FALSE
	EndGlobalSection
	GlobalSection(ExtensibilityGlobals) = postSolution
		SolutionGuid = {C4B4E104-F2F0-4E62-B7DB-9F5D9A10D0EF}
	EndGlobalSection
EndGlobal
